
Microsoft Visual Studio Solution File, Format Version 11.00
# Visual Studio 2010
Project("{FAE04EC0-301F-11D3-BF4B-00C04F79EFBC}") = "PythonConsoleControl", "IronPythonConsole\PythonConsoleControl\PythonConsoleControl.csproj", "{F1152D68-346B-4F48-8DB7-BE67B5CB1F49}"
EndProject
Project("{FAE04EC0-301F-11D3-BF4B-00C04F79EFBC}") = "IronPythonConsole", "IronPythonConsole\IronPythonConsole\IronPythonConsole.csproj", "{8A19EAA5-44C5-41EC-A908-7F41792CF18B}"
	ProjectSection(ProjectDependencies) = postProject
		{F1152D68-346B-4F48-8DB7-BE67B5CB1F49} = {F1152D68-346B-4F48-8DB7-BE67B5CB1F49}
	EndProjectSection
EndProject
Project("{FAE04EC0-301F-11D3-BF4B-00C04F79EFBC}") = "IronPlot", "IronPlot\IronPlot.csproj", "{9843B558-B6C8-46B4-9578-6766E08F8CAC}"
EndProject
Project("{FAE04EC0-301F-11D3-BF4B-00C04F79EFBC}") = "PlotSample", "PlotSample\PlotSample.csproj", "{3B78C624-4017-4934-886B-DCFB4BC97D5E}"
EndProject
Project("{FAE04EC0-301F-11D3-BF4B-00C04F79EFBC}") = "XamlToys", "XamlToys\XamlToys.csproj", "{D239E889-A0EE-4CEA-A804-4BE1A2BC3CC0}"
EndProject
Global
	GlobalSection(SolutionConfigurationPlatforms) = preSolution
		Debug|Any CPU = Debug|Any CPU
		Debug|Mixed Platforms = Debug|Mixed Platforms
		Debug|Win32 = Debug|Win32
		Debug|x86 = Debug|x86
		Release|Any CPU = Release|Any CPU
		Release|Mixed Platforms = Release|Mixed Platforms
		Release|Win32 = Release|Win32
		Release|x86 = Release|x86
	EndGlobalSection
	GlobalSection(ProjectConfigurationPlatforms) = postSolution
		{F1152D68-346B-4F48-8DB7-BE67B5CB1F49}.Debug|Any CPU.ActiveCfg = Debug|Any CPU
		{F1152D68-346B-4F48-8DB7-BE67B5CB1F49}.Debug|Any CPU.Build.0 = Debug|Any CPU
		{F1152D68-346B-4F48-8DB7-BE67B5CB1F49}.Debug|Mixed Platforms.ActiveCfg = Debug|Any CPU
		{F1152D68-346B-4F48-8DB7-BE67B5CB1F49}.Debug|Mixed Platforms.Build.0 = Debug|Any CPU
		{F1152D68-346B-4F48-8DB7-BE67B5CB1F49}.Debug|Win32.ActiveCfg = Debug|Any CPU
		{F1152D68-346B-4F48-8DB7-BE67B5CB1F49}.Debug|x86.ActiveCfg = Debug|Any CPU
		{F1152D68-346B-4F48-8DB7-BE67B5CB1F49}.Release|Any CPU.ActiveCfg = Release|Any CPU
		{F1152D68-346B-4F48-8DB7-BE67B5CB1F49}.Release|Any CPU.Build.0 = Release|Any CPU
		{F1152D68-346B-4F48-8DB7-BE67B5CB1F49}.Release|Mixed Platforms.ActiveCfg = Release|Any CPU
		{F1152D68-346B-4F48-8DB7-BE67B5CB1F49}.Release|Mixed Platforms.Build.0 = Release|Any CPU
		{F1152D68-346B-4F48-8DB7-BE67B5CB1F49}.Release|Win32.ActiveCfg = Release|Any CPU
		{F1152D68-346B-4F48-8DB7-BE67B5CB1F49}.Release|x86.ActiveCfg = Release|Any CPU
		{8A19EAA5-44C5-41EC-A908-7F41792CF18B}.Debug|Any CPU.ActiveCfg = Debug|x86
		{8A19EAA5-44C5-41EC-A908-7F41792CF18B}.Debug|Any CPU.Build.0 = Debug|x86
		{8A19EAA5-44C5-41EC-A908-7F41792CF18B}.Debug|Mixed Platforms.ActiveCfg = Debug|x86
		{8A19EAA5-44C5-41EC-A908-7F41792CF18B}.Debug|Mixed Platforms.Build.0 = Debug|x86
		{8A19EAA5-44C5-41EC-A908-7F41792CF18B}.Debug|Win32.ActiveCfg = Debug|x86
		{8A19EAA5-44C5-41EC-A908-7F41792CF18B}.Debug|x86.ActiveCfg = Debug|x86
		{8A19EAA5-44C5-41EC-A908-7F41792CF18B}.Debug|x86.Build.0 = Debug|x86
		{8A19EAA5-44C5-41EC-A908-7F41792CF18B}.Release|Any CPU.ActiveCfg = Release|x86
		{8A19EAA5-44C5-41EC-A908-7F41792CF18B}.Release|Any CPU.Build.0 = Release|x86
		{8A19EAA5-44C5-41EC-A908-7F41792CF18B}.Release|Mixed Platforms.ActiveCfg = Release|x86
		{8A19EAA5-44C5-41EC-A908-7F41792CF18B}.Release|Mixed Platforms.Build.0 = Release|x86
		{8A19EAA5-44C5-41EC-A908-7F41792CF18B}.Release|Win32.ActiveCfg = Release|x86
		{8A19EAA5-44C5-41EC-A908-7F41792CF18B}.Release|x86.ActiveCfg = Release|x86
		{8A19EAA5-44C5-41EC-A908-7F41792CF18B}.Release|x86.Build.0 = Release|x86
		{9843B558-B6C8-46B4-9578-6766E08F8CAC}.Debug|Any CPU.ActiveCfg = Debug|Any CPU
		{9843B558-B6C8-46B4-9578-6766E08F8CAC}.Debug|Any CPU.Build.0 = Debug|Any CPU
		{9843B558-B6C8-46B4-9578-6766E08F8CAC}.Debug|Mixed Platforms.ActiveCfg = Debug|Any CPU
		{9843B558-B6C8-46B4-9578-6766E08F8CAC}.Debug|Mixed Platforms.Build.0 = Debug|Any CPU
		{9843B558-B6C8-46B4-9578-6766E08F8CAC}.Debug|Win32.ActiveCfg = Debug|Any CPU
		{9843B558-B6C8-46B4-9578-6766E08F8CAC}.Debug|x86.ActiveCfg = Debug|Any CPU
		{9843B558-B6C8-46B4-9578-6766E08F8CAC}.Release|Any CPU.ActiveCfg = Release|Any CPU
		{9843B558-B6C8-46B4-9578-6766E08F8CAC}.Release|Any CPU.Build.0 = Release|Any CPU
		{9843B558-B6C8-46B4-9578-6766E08F8CAC}.Release|Mixed Platforms.ActiveCfg = Release|Any CPU
		{9843B558-B6C8-46B4-9578-6766E08F8CAC}.Release|Mixed Platforms.Build.0 = Release|Any CPU
		{9843B558-B6C8-46B4-9578-6766E08F8CAC}.Release|Win32.ActiveCfg = Release|Any CPU
		{9843B558-B6C8-46B4-9578-6766E08F8CAC}.Release|x86.ActiveCfg = Release|Any CPU
		{3B78C624-4017-4934-886B-DCFB4BC97D5E}.Debug|Any CPU.ActiveCfg = Debug|Any CPU
		{3B78C624-4017-4934-886B-DCFB4BC97D5E}.Debug|Any CPU.Build.0 = Debug|Any CPU
		{3B78C624-4017-4934-886B-DCFB4BC97D5E}.Debug|Mixed Platforms.ActiveCfg = Debug|Any CPU
		{3B78C624-4017-4934-886B-DCFB4BC97D5E}.Debug|Mixed Platforms.Build.0 = Debug|Any CPU
		{3B78C624-4017-4934-886B-DCFB4BC97D5E}.Debug|Win32.ActiveCfg = Debug|Any CPU
		{3B78C624-4017-4934-886B-DCFB4BC97D5E}.Debug|x86.ActiveCfg = Debug|Any CPU
		{3B78C624-4017-4934-886B-DCFB4BC97D5E}.Release|Any CPU.ActiveCfg = Release|Any CPU
		{3B78C624-4017-4934-886B-DCFB4BC97D5E}.Release|Any CPU.Build.0 = Release|Any CPU
		{3B78C624-4017-4934-886B-DCFB4BC97D5E}.Release|Mixed Platforms.ActiveCfg = Release|Any CPU
		{3B78C624-4017-4934-886B-DCFB4BC97D5E}.Release|Mixed Platforms.Build.0 = Release|Any CPU
		{3B78C624-4017-4934-886B-DCFB4BC97D5E}.Release|Win32.ActiveCfg = Release|Any CPU
		{3B78C624-4017-4934-886B-DCFB4BC97D5E}.Release|x86.ActiveCfg = Release|Any CPU
		{D239E889-A0EE-4CEA-A804-4BE1A2BC3CC0}.Debug|Any CPU.ActiveCfg = Debug|Any CPU
		{D239E889-A0EE-4CEA-A804-4BE1A2BC3CC0}.Debug|Any CPU.Build.0 = Debug|Any CPU
		{D239E889-A0EE-4CEA-A804-4BE1A2BC3CC0}.Debug|Mixed Platforms.ActiveCfg = Debug|Any CPU
		{D239E889-A0EE-4CEA-A804-4BE1A2BC3CC0}.Debug|Mixed Platforms.Build.0 = Debug|Any CPU
		{D239E889-A0EE-4CEA-A804-4BE1A2BC3CC0}.Debug|Win32.ActiveCfg = Debug|Any CPU
		{D239E889-A0EE-4CEA-A804-4BE1A2BC3CC0}.Debug|x86.ActiveCfg = Debug|Any CPU
		{D239E889-A0EE-4CEA-A804-4BE1A2BC3CC0}.Release|Any CPU.ActiveCfg = Release|Any CPU
		{D239E889-A0EE-4CEA-A804-4BE1A2BC3CC0}.Release|Any CPU.Build.0 = Release|Any CPU
		{D239E889-A0EE-4CEA-A804-4BE1A2BC3CC0}.Release|Mixed Platforms.ActiveCfg = Release|Any CPU
		{D239E889-A0EE-4CEA-A804-4BE1A2BC3CC0}.Release|Mixed Platforms.Build.0 = Release|Any CPU
		{D239E889-A0EE-4CEA-A804-4BE1A2BC3CC0}.Release|Win32.ActiveCfg = Release|Any CPU
		{D239E889-A0EE-4CEA-A804-4BE1A2BC3CC0}.Release|x86.ActiveCfg = Release|Any CPU
	EndGlobalSection
	GlobalSection(SolutionProperties) = preSolution
		HideSolutionNode = FALSE
	EndGlobalSection
EndGlobal
